// !$*UTF8*$!
{
	archiveVersion = 1;
	classes = {
	};
	objectVersion = 48;
	objects = {

/* Begin PBXBuildFile section */
		A36A4B9C20F6FC92008BF40A /* ClockSplitController.swift in Sources */ = {isa = PBXBuildFile; fileRef = A36A4B9B20F6FC92008BF40A /* ClockSplitController.swift */; };
		A36A4B9E20F6FE94008BF40A /* CustomClockTableViewCell.swift in Sources */ = {isa = PBXBuildFile; fileRef = A36A4B9D20F6FE94008BF40A /* CustomClockTableViewCell.swift */; };
		A3732A282054E36800162334 /* AppDelegate.swift in Sources */ = {isa = PBXBuildFile; fileRef = A3732A272054E36800162334 /* AppDelegate.swift */; };
		A3732A2A2054E36800162334 /* ViewController.swift in Sources */ = {isa = PBXBuildFile; fileRef = A3732A292054E36800162334 /* ViewController.swift */; };
		A3732A2D2054E36800162334 /* Main.storyboard in Resources */ = {isa = PBXBuildFile; fileRef = A3732A2B2054E36800162334 /* Main.storyboard */; };
		A3732A2F2054E36800162334 /* Assets.xcassets in Resources */ = {isa = PBXBuildFile; fileRef = A3732A2E2054E36800162334 /* Assets.xcassets */; };
		A3732A322054E36800162334 /* LaunchScreen.storyboard in Resources */ = {isa = PBXBuildFile; fileRef = A3732A302054E36800162334 /* LaunchScreen.storyboard */; };
		A3732A3A2054F9A000162334 /* SplitController.swift in Sources */ = {isa = PBXBuildFile; fileRef = A3732A392054F9A000162334 /* SplitController.swift */; };
		A3732A3C2054F9AF00162334 /* SettingsController.swift in Sources */ = {isa = PBXBuildFile; fileRef = A3732A3B2054F9AF00162334 /* SettingsController.swift */; };
		A3732A3E2054FE8C00162334 /* CustomTableViewCell.swift in Sources */ = {isa = PBXBuildFile; fileRef = A3732A3D2054FE8C00162334 /* CustomTableViewCell.swift */; };
		A3732A402054FF5F00162334 /* SharedFunctions.swift in Sources */ = {isa = PBXBuildFile; fileRef = A3732A3F2054FF5F00162334 /* SharedFunctions.swift */; };
		A3732A422055342A00162334 /* LapDistController.swift in Sources */ = {isa = PBXBuildFile; fileRef = A3732A412055342A00162334 /* LapDistController.swift */; };
/* End PBXBuildFile section */

/* Begin PBXFileReference section */
		A36A4B9B20F6FC92008BF40A /* ClockSplitController.swift */ = {isa = PBXFileReference; lastKnownFileType = sourcecode.swift; path = ClockSplitController.swift; sourceTree = "<group>"; };
		A36A4B9D20F6FE94008BF40A /* CustomClockTableViewCell.swift */ = {isa = PBXFileReference; lastKnownFileType = sourcecode.swift; path = CustomClockTableViewCell.swift; sourceTree = "<group>"; };
		A3732A242054E36800162334 /* Pace Calc 4.0.app */ = {isa = PBXFileReference; explicitFileType = wrapper.application; includeInIndex = 0; path = "Pace Calc 4.0.app"; sourceTree = BUILT_PRODUCTS_DIR; };
		A3732A272054E36800162334 /* AppDelegate.swift */ = {isa = PBXFileReference; lastKnownFileType = sourcecode.swift; path = AppDelegate.swift; sourceTree = "<group>"; };
		A3732A292054E36800162334 /* ViewController.swift */ = {isa = PBXFileReference; lastKnownFileType = sourcecode.swift; path = ViewController.swift; sourceTree = "<group>"; };
		A3732A2C2054E36800162334 /* Base */ = {isa = PBXFileReference; lastKnownFileType = file.storyboard; name = Base; path = Base.lproj/Main.storyboard; sourceTree = "<group>"; };
		A3732A2E2054E36800162334 /* Assets.xcassets */ = {isa = PBXFileReference; lastKnownFileType = folder.assetcatalog; path = Assets.xcassets; sourceTree = "<group>"; };
		A3732A312054E36800162334 /* Base */ = {isa = PBXFileReference; lastKnownFileType = file.storyboard; name = Base; path = Base.lproj/LaunchScreen.storyboard; sourceTree = "<group>"; };
		A3732A332054E36800162334 /* Info.plist */ = {isa = PBXFileReference; lastKnownFileType = text.plist.xml; path = Info.plist; sourceTree = "<group>"; };
		A3732A392054F9A000162334 /* SplitController.swift */ = {isa = PBXFileReference; lastKnownFileType = sourcecode.swift; path = SplitController.swift; sourceTree = "<group>"; };
		A3732A3B2054F9AF00162334 /* SettingsController.swift */ = {isa = PBXFileReference; lastKnownFileType = sourcecode.swift; path = SettingsController.swift; sourceTree = "<group>"; };
		A3732A3D2054FE8C00162334 /* CustomTableViewCell.swift */ = {isa = PBXFileReference; lastKnownFileType = sourcecode.swift; path = CustomTableViewCell.swift; sourceTree = "<group>"; };
		A3732A3F2054FF5F00162334 /* SharedFunctions.swift */ = {isa = PBXFileReference; lastKnownFileType = sourcecode.swift; path = SharedFunctions.swift; sourceTree = "<group>"; };
		A3732A412055342A00162334 /* LapDistController.swift */ = {isa = PBXFileReference; lastKnownFileType = sourcecode.swift; path = LapDistController.swift; sourceTree = "<group>"; };
/* End PBXFileReference section */

/* Begin PBXFrameworksBuildPhase section */
		A3732A212054E36800162334 /* Frameworks */ = {
			isa = PBXFrameworksBuildPhase;
			buildActionMask = 2147483647;
			files = (
			);
			runOnlyForDeploymentPostprocessing = 0;
		};
/* End PBXFrameworksBuildPhase section */

/* Begin PBXGroup section */
		A3732A1B2054E36800162334 = {
			isa = PBXGroup;
			children = (
				A3732A262054E36800162334 /* Pace Calc 4.0 */,
				A3732A252054E36800162334 /* Products */,
				A4219AB1210EAA8C00804C3A /* Frameworks */,
			);
			sourceTree = "<group>";
		};
		A3732A252054E36800162334 /* Products */ = {
			isa = PBXGroup;
			children = (
				A3732A242054E36800162334 /* Pace Calc 4.0.app */,
			);
			name = Products;
			sourceTree = "<group>";
		};
		A3732A262054E36800162334 /* Pace Calc 4.0 */ = {
			isa = PBXGroup;
			children = (
				A3732A272054E36800162334 /* AppDelegate.swift */,
				A3732A292054E36800162334 /* ViewController.swift */,
				A3732A3F2054FF5F00162334 /* SharedFunctions.swift */,
				A3732A392054F9A000162334 /* SplitController.swift */,
				A36A4B9B20F6FC92008BF40A /* ClockSplitController.swift */,
				A3732A3B2054F9AF00162334 /* SettingsController.swift */,
				A3732A412055342A00162334 /* LapDistController.swift */,
				A3732A2B2054E36800162334 /* Main.storyboard */,
				A3732A2E2054E36800162334 /* Assets.xcassets */,
				A3732A302054E36800162334 /* LaunchScreen.storyboard */,
				A3732A332054E36800162334 /* Info.plist */,
				A3732A3D2054FE8C00162334 /* CustomTableViewCell.swift */,
				A36A4B9D20F6FE94008BF40A /* CustomClockTableViewCell.swift */,
			);
			path = "Pace Calc 4.0";
			sourceTree = "<group>";
		};
		A4219AB1210EAA8C00804C3A /* Frameworks */ = {
			isa = PBXGroup;
			children = (
			);
			name = Frameworks;
			sourceTree = "<group>";
		};
/* End PBXGroup section */

/* Begin PBXNativeTarget section */
		A3732A232054E36800162334 /* Pace Calc 4.0 */ = {
			isa = PBXNativeTarget;
			buildConfigurationList = A3732A362054E36800162334 /* Build configuration list for PBXNativeTarget "Pace Calc 4.0" */;
			buildPhases = (
				A3732A202054E36800162334 /* Sources */,
				A3732A212054E36800162334 /* Frameworks */,
				A3732A222054E36800162334 /* Resources */,
				A4219A92210E639300804C3A /* ShellScript */,
			);
			buildRules = (
			);
			dependencies = (
			);
			name = "Pace Calc 4.0";
			productName = "Pace Calc 4.0";
			productReference = A3732A242054E36800162334 /* Pace Calc 4.0.app */;
			productType = "com.apple.product-type.application";
		};
/* End PBXNativeTarget section */

/* Begin PBXProject section */
		A3732A1C2054E36800162334 /* Project object */ = {
			isa = PBXProject;
			attributes = {
				LastSwiftUpdateCheck = 0920;
				LastUpgradeCheck = 0940;
				ORGANIZATIONNAME = "Jerrod Sunderland";
				TargetAttributes = {
					A3732A232054E36800162334 = {
						CreatedOnToolsVersion = 9.2;
						ProvisioningStyle = Automatic;
					};
				};
			};
			buildConfigurationList = A3732A1F2054E36800162334 /* Build configuration list for PBXProject "Pace Calc 4.0" */;
			compatibilityVersion = "Xcode 8.0";
			developmentRegion = en;
			hasScannedForEncodings = 0;
			knownRegions = (
				en,
				Base,
			);
			mainGroup = A3732A1B2054E36800162334;
			productRefGroup = A3732A252054E36800162334 /* Products */;
			projectDirPath = "";
			projectRoot = "";
			targets = (
				A3732A232054E36800162334 /* Pace Calc 4.0 */,
			);
		};
/* End PBXProject section */

/* Begin PBXResourcesBuildPhase section */
		A3732A222054E36800162334 /* Resources */ = {
			isa = PBXResourcesBuildPhase;
			buildActionMask = 2147483647;
			files = (
				A3732A322054E36800162334 /* LaunchScreen.storyboard in Resources */,
				A3732A2F2054E36800162334 /* Assets.xcassets in Resources */,
				A3732A2D2054E36800162334 /* Main.storyboard in Resources */,
			);
			runOnlyForDeploymentPostprocessing = 0;
		};
/* End PBXResourcesBuildPhase section */

/* Begin PBXShellScriptBuildPhase section */
		A4219A92210E639300804C3A /* ShellScript */ = {
			isa = PBXShellScriptBuildPhase;
			buildActionMask = 2147483647;
			files = (
			);
			inputPaths = (
			);
			outputPaths = (
			);
			runOnlyForDeploymentPostprocessing = 0;
			shellPath = /bin/sh;
			shellScript = "FILE=\"${SRCROOT}/HockeySDK-iOS/BuildAgent\"\nif [ -f \"$FILE\" ]; then\n\"$FILE\"\nfi";
		};
/* End PBXShellScriptBuildPhase section */

/* Begin PBXSourcesBuildPhase section */
		A3732A202054E36800162334 /* Sources */ = {
			isa = PBXSourcesBuildPhase;
			buildActionMask = 2147483647;
			files = (
				A3732A282054E36800162334 /* AppDelegate.swift in Sources */,
				A3732A3C2054F9AF00162334 /* SettingsController.swift in Sources */,
				A36A4B9C20F6FC92008BF40A /* ClockSplitController.swift in Sources */,
				A36A4B9E20F6FE94008BF40A /* CustomClockTableViewCell.swift in Sources */,
				A3732A422055342A00162334 /* LapDistController.swift in Sources */,
				A3732A3E2054FE8C00162334 /* CustomTableViewCell.swift in Sources */,
				A3732A402054FF5F00162334 /* SharedFunctions.swift in Sources */,
				A3732A3A2054F9A000162334 /* SplitController.swift in Sources */,
				A3732A2A2054E36800162334 /* ViewController.swift in Sources */,
			);
			runOnlyForDeploymentPostprocessing = 0;
		};
/* End PBXSourcesBuildPhase section */

/* Begin PBXVariantGroup section */
		A3732A2B2054E36800162334 /* Main.storyboard */ = {
			isa = PBXVariantGroup;
			children = (
				A3732A2C2054E36800162334 /* Base */,
			);
			name = Main.storyboard;
			sourceTree = "<group>";
		};
		A3732A302054E36800162334 /* LaunchScreen.storyboard */ = {
			isa = PBXVariantGroup;
			children = (
				A3732A312054E36800162334 /* Base */,
			);
			name = LaunchScreen.storyboard;
			sourceTree = "<group>";
		};
/* End PBXVariantGroup section */

/* Begin XCBuildConfiguration section */
		A3732A342054E36800162334 /* Debug */ = {
			isa = XCBuildConfiguration;
			buildSettings = {
				ALWAYS_SEARCH_USER_PATHS = NO;
				CLANG_ANALYZER_NONNULL = YES;
				CLANG_ANALYZER_NUMBER_OBJECT_CONVERSION = YES_AGGRESSIVE;
				CLANG_CXX_LANGUAGE_STANDARD = "gnu++14";
				CLANG_CXX_LIBRARY = "libc++";
				CLANG_ENABLE_MODULES = YES;
				CLANG_ENABLE_OBJC_ARC = YES;
				CLANG_WARN_BLOCK_CAPTURE_AUTORELEASING = YES;
				CLANG_WARN_BOOL_CONVERSION = YES;
				CLANG_WARN_COMMA = YES;
				CLANG_WARN_CONSTANT_CONVERSION = YES;
				CLANG_WARN_DEPRECATED_OBJC_IMPLEMENTATIONS = YES;
				CLANG_WARN_DIRECT_OBJC_ISA_USAGE = YES_ERROR;
				CLANG_WARN_DOCUMENTATION_COMMENTS = YES;
				CLANG_WARN_EMPTY_BODY = YES;
				CLANG_WARN_ENUM_CONVERSION = YES;
				CLANG_WARN_INFINITE_RECURSION = YES;
				CLANG_WARN_INT_CONVERSION = YES;
				CLANG_WARN_NON_LITERAL_NULL_CONVERSION = YES;
				CLANG_WARN_OBJC_IMPLICIT_RETAIN_SELF = YES;
				CLANG_WARN_OBJC_LITERAL_CONVERSION = YES;
				CLANG_WARN_OBJC_ROOT_CLASS = YES_ERROR;
				CLANG_WARN_RANGE_LOOP_ANALYSIS = YES;
				CLANG_WARN_STRICT_PROTOTYPES = YES;
				CLANG_WARN_SUSPICIOUS_MOVE = YES;
				CLANG_WARN_UNGUARDED_AVAILABILITY = YES_AGGRESSIVE;
				CLANG_WARN_UNREACHABLE_CODE = YES;
				CLANG_WARN__DUPLICATE_METHOD_MATCH = YES;
				CODE_SIGN_IDENTITY = "iPhone Developer";
				COPY_PHASE_STRIP = NO;
				DEBUG_INFORMATION_FORMAT = dwarf;
				ENABLE_STRICT_OBJC_MSGSEND = YES;
				ENABLE_TESTABILITY = YES;
				GCC_C_LANGUAGE_STANDARD = gnu11;
				GCC_DYNAMIC_NO_PIC = NO;
				GCC_NO_COMMON_BLOCKS = YES;
				GCC_OPTIMIZATION_LEVEL = 0;
				GCC_PREPROCESSOR_DEFINITIONS = (
					"DEBUG=1",
					"$(inherited)",
				);
				GCC_WARN_64_TO_32_BIT_CONVERSION = YES;
				GCC_WARN_ABOUT_RETURN_TYPE = YES_ERROR;
				GCC_WARN_UNDECLARED_SELECTOR = YES;
				GCC_WARN_UNINITIALIZED_AUTOS = YES_AGGRESSIVE;
				GCC_WARN_UNUSED_FUNCTION = YES;
				GCC_WARN_UNUSED_VARIABLE = YES;
				IPHONEOS_DEPLOYMENT_TARGET = 11.2;
				MTL_ENABLE_DEBUG_INFO = YES;
				ONLY_ACTIVE_ARCH = YES;
				SDKROOT = iphoneos;
				SWIFT_ACTIVE_COMPILATION_CONDITIONS = DEBUG;
				SWIFT_OPTIMIZATION_LEVEL = "-Onone";
			};
			name = Debug;
		};
		A3732A352054E36800162334 /* Release */ = {
			isa = XCBuildConfiguration;
			buildSettings = {
				ALWAYS_SEARCH_USER_PATHS = NO;
				CLANG_ANALYZER_NONNULL = YES;
				CLANG_ANALYZER_NUMBER_OBJECT_CONVERSION = YES_AGGRESSIVE;
				CLANG_CXX_LANGUAGE_STANDARD = "gnu++14";
				CLANG_CXX_LIBRARY = "libc++";
				CLANG_ENABLE_MODULES = YES;
				CLANG_ENABLE_OBJC_ARC = YES;
				CLANG_WARN_BLOCK_CAPTURE_AUTORELEASING = YES;
				CLANG_WARN_BOOL_CONVERSION = YES;
				CLANG_WARN_COMMA = YES;
				CLANG_WARN_CONSTANT_CONVERSION = YES;
				CLANG_WARN_DEPRECATED_OBJC_IMPLEMENTATIONS = YES;
				CLANG_WARN_DIRECT_OBJC_ISA_USAGE = YES_ERROR;
				CLANG_WARN_DOCUMENTATION_COMMENTS = YES;
				CLANG_WARN_EMPTY_BODY = YES;
				CLANG_WARN_ENUM_CONVERSION = YES;
				CLANG_WARN_INFINITE_RECURSION = YES;
				CLANG_WARN_INT_CONVERSION = YES;
				CLANG_WARN_NON_LITERAL_NULL_CONVERSION = YES;
				CLANG_WARN_OBJC_IMPLICIT_RETAIN_SELF = YES;
				CLANG_WARN_OBJC_LITERAL_CONVERSION = YES;
				CLANG_WARN_OBJC_ROOT_CLASS = YES_ERROR;
				CLANG_WARN_RANGE_LOOP_ANALYSIS = YES;
				CLANG_WARN_STRICT_PROTOTYPES = YES;
				CLANG_WARN_SUSPICIOUS_MOVE = YES;
				CLANG_WARN_UNGUARDED_AVAILABILITY = YES_AGGRESSIVE;
				CLANG_WARN_UNREACHABLE_CODE = YES;
				CLANG_WARN__DUPLICATE_METHOD_MATCH = YES;
				CODE_SIGN_IDENTITY = "iPhone Developer";
				COPY_PHASE_STRIP = NO;
				DEBUG_INFORMATION_FORMAT = "dwarf-with-dsym";
				ENABLE_NS_ASSERTIONS = NO;
				ENABLE_STRICT_OBJC_MSGSEND = YES;
				GCC_C_LANGUAGE_STANDARD = gnu11;
				GCC_NO_COMMON_BLOCKS = YES;
				GCC_WARN_64_TO_32_BIT_CONVERSION = YES;
				GCC_WARN_ABOUT_RETURN_TYPE = YES_ERROR;
				GCC_WARN_UNDECLARED_SELECTOR = YES;
				GCC_WARN_UNINITIALIZED_AUTOS = YES_AGGRESSIVE;
				GCC_WARN_UNUSED_FUNCTION = YES;
				GCC_WARN_UNUSED_VARIABLE = YES;
				IPHONEOS_DEPLOYMENT_TARGET = 11.2;
				MTL_ENABLE_DEBUG_INFO = NO;
				SDKROOT = iphoneos;
				SWIFT_OPTIMIZATION_LEVEL = "-Owholemodule";
				VALIDATE_PRODUCT = YES;
			};
			name = Release;
		};
		A3732A372054E36800162334 /* Debug */ = {
			isa = XCBuildConfiguration;
			buildSettings = {
				ASSETCATALOG_COMPILER_APPICON_NAME = AppIcon;
				CODE_SIGN_STYLE = Automatic;
				DEVELOPMENT_TEAM = BS24VSTST5;
				INFOPLIST_FILE = "Pace Calc 4.0/Info.plist";
				LD_RUNPATH_SEARCH_PATHS = "$(inherited) @executable_path/Frameworks";
				PRODUCT_BUNDLE_IDENTIFIER = "Sundy-Studios.Pace-Calc-4-0";
				PRODUCT_NAME = "$(TARGET_NAME)";
				SWIFT_VERSION = 4.0;
				TARGETED_DEVICE_FAMILY = "1,2";
			};
			name = Debug;
		};
		A3732A382054E36800162334 /* Release */ = {
			isa = XCBuildConfiguration;
			buildSettings = {
				ASSETCATALOG_COMPILER_APPICON_NAME = AppIcon;
				CODE_SIGN_STYLE = Automatic;
				DEVELOPMENT_TEAM = BS24VSTST5;
				INFOPLIST_FILE = "Pace Calc 4.0/Info.plist";
				LD_RUNPATH_SEARCH_PATHS = "$(inherited) @executable_path/Frameworks";
				PRODUCT_BUNDLE_IDENTIFIER = "Sundy-Studios.Pace-Calc-4-0";
				PRODUCT_NAME = "$(TARGET_NAME)";
				SWIFT_VERSION = 4.0;
				TARGETED_DEVICE_FAMILY = "1,2";
			};
			name = Release;
		};
/* End XCBuildConfiguration section */

/* Begin XCConfigurationList section */
		A3732A1F2054E36800162334 /* Build configuration list for PBXProject "Pace Calc 4.0" */ = {
			isa = XCConfigurationList;
			buildConfigurations = (
				A3732A342054E36800162334 /* Debug */,
				A3732A352054E36800162334 /* Release */,
			);
			defaultConfigurationIsVisible = 0;
			defaultConfigurationName = Release;
		};
		A3732A362054E36800162334 /* Build configuration list for PBXNativeTarget "Pace Calc 4.0" */ = {
			isa = XCConfigurationList;
			buildConfigurations = (
				A3732A372054E36800162334 /* Debug */,
				A3732A382054E36800162334 /* Release */,
			);
			defaultConfigurationIsVisible = 0;
			defaultConfigurationName = Release;
		};
/* End XCConfigurationList section */
	};
	rootObject = A3732A1C2054E36800162334 /* Project object */;
}
